
Microsoft Visual Studio Solution File, Format Version 12.00
# Visual Studio Version 17
VisualStudioVersion = 17.14.36705.20 d17.14
MinimumVisualStudioVersion = 10.0.40219.1
Project("{FAE04EC0-301F-11D3-BF4B-00C04F79EFBC}") = "UserInterface", "Vending Machine System\UserInterface.csproj", "{E4595110-4793-45AE-A804-474B66AD3426}"
EndProject
Project("{FAE04EC0-301F-11D3-BF4B-00C04F79EFBC}") = "Backend", "Backend\Backend.csproj", "{1AC9B488-2BAF-4D19-90DB-389F42E12204}"
EndProject
Project("{FAE04EC0-301F-11D3-BF4B-00C04F79EFBC}") = "DataLayer", "DataLayer\DataLayer.csproj", "{C793BE18-58E8-4231-9FB6-5ED6CE9CB7BB}"
EndProject
Global
	GlobalSection(SolutionConfigurationPlatforms) = preSolution
		Debug|Any CPU = Debug|Any CPU
		Release|Any CPU = Release|Any CPU
	EndGlobalSection
	GlobalSection(ProjectConfigurationPlatforms) = postSolution
		{E4595110-4793-45AE-A804-474B66AD3426}.Debug|Any CPU.ActiveCfg = Debug|Any CPU
		{E4595110-4793-45AE-A804-474B66AD3426}.Debug|Any CPU.Build.0 = Debug|Any CPU
		{E4595110-4793-45AE-A804-474B66AD3426}.Release|Any CPU.ActiveCfg = Release|Any CPU
		{E4595110-4793-45AE-A804-474B66AD3426}.Release|Any CPU.Build.0 = Release|Any CPU
		{1AC9B488-2BAF-4D19-90DB-389F42E12204}.Debug|Any CPU.ActiveCfg = Debug|Any CPU
		{1AC9B488-2BAF-4D19-90DB-389F42E12204}.Debug|Any CPU.Build.0 = Debug|Any CPU
		{1AC9B488-2BAF-4D19-90DB-389F42E12204}.Release|Any CPU.ActiveCfg = Release|Any CPU
		{1AC9B488-2BAF-4D19-90DB-389F42E12204}.Release|Any CPU.Build.0 = Release|Any CPU
		{C793BE18-58E8-4231-9FB6-5ED6CE9CB7BB}.Debug|Any CPU.ActiveCfg = Debug|Any CPU
		{C793BE18-58E8-4231-9FB6-5ED6CE9CB7BB}.Debug|Any CPU.Build.0 = Debug|Any CPU
		{C793BE18-58E8-4231-9FB6-5ED6CE9CB7BB}.Release|Any CPU.ActiveCfg = Release|Any CPU
		{C793BE18-58E8-4231-9FB6-5ED6CE9CB7BB}.Release|Any CPU.Build.0 = Release|Any CPU
	EndGlobalSection
	GlobalSection(SolutionProperties) = preSolution
		HideSolutionNode = FALSE
	EndGlobalSection
	GlobalSection(ExtensibilityGlobals) = postSolution
		SolutionGuid = {9EE55C79-6035-445A-80FE-FFEAC3859489}
	EndGlobalSection
EndGlobal
